
Microsoft Visual Studio Solution File, Format Version 12.00
# Visual Studio Version 17
VisualStudioVersion = 17.7.34024.191
MinimumVisualStudioVersion = 10.0.40219.1
Project("{FAE04EC0-301F-11D3-BF4B-00C04F79EFBC}") = "BulkyBookWeb", "BulkyBookWeb\BulkyBookWeb.csproj", "{B90CD5ED-D789-4D71-816D-573DABE8E7D1}"
EndProject
Global
	GlobalSection(SolutionConfigurationPlatforms) = preSolution
		Debug|Any CPU = Debug|Any CPU
		Release|Any CPU = Release|Any CPU
	EndGlobalSection
	GlobalSection(ProjectConfigurationPlatforms) = postSolution
		{B90CD5ED-D789-4D71-816D-573DABE8E7D1}.Debug|Any CPU.ActiveCfg = Debug|Any CPU
		{B90CD5ED-D789-4D71-816D-573DABE8E7D1}.Debug|Any CPU.Build.0 = Debug|Any CPU
		{B90CD5ED-D789-4D71-816D-573DABE8E7D1}.Release|Any CPU.ActiveCfg = Release|Any CPU
		{B90CD5ED-D789-4D71-816D-573DABE8E7D1}.Release|Any CPU.Build.0 = Release|Any CPU
	EndGlobalSection
	GlobalSection(SolutionProperties) = preSolution
		HideSolutionNode = FALSE
	EndGlobalSection
	GlobalSection(ExtensibilityGlobals) = postSolution
		SolutionGuid = {87F5B881-BA8F-4241-B1A8-5763993A43F9}
	EndGlobalSection
EndGlobal
